
Microsoft Visual Studio Solution File, Format Version 12.00
# Visual Studio Version 17
VisualStudioVersion = 17.8.34322.80
MinimumVisualStudioVersion = 10.0.40219.1
Project("{FAE04EC0-301F-11D3-BF4B-00C04F79EFBC}") = "NguyenMinhTri_2122110517", "NguyenMinhTri_2122110517\NguyenMinhTri_2122110517.csproj", "{B5F06E68-B75C-4D80-BBF0-B8E13420D1AE}"
EndProject
Global
	GlobalSection(SolutionConfigurationPlatforms) = preSolution
		Debug|Any CPU = Debug|Any CPU
		Release|Any CPU = Release|Any CPU
	EndGlobalSection
	GlobalSection(ProjectConfigurationPlatforms) = postSolution
		{B5F06E68-B75C-4D80-BBF0-B8E13420D1AE}.Debug|Any CPU.ActiveCfg = Debug|Any CPU
		{B5F06E68-B75C-4D80-BBF0-B8E13420D1AE}.Debug|Any CPU.Build.0 = Debug|Any CPU
		{B5F06E68-B75C-4D80-BBF0-B8E13420D1AE}.Release|Any CPU.ActiveCfg = Release|Any CPU
		{B5F06E68-B75C-4D80-BBF0-B8E13420D1AE}.Release|Any CPU.Build.0 = Release|Any CPU
	EndGlobalSection
	GlobalSection(SolutionProperties) = preSolution
		HideSolutionNode = FALSE
	EndGlobalSection
	GlobalSection(ExtensibilityGlobals) = postSolution
		SolutionGuid = {DB315FC7-8C66-4AB4-B9AF-C73D4B0BB1AD}
	EndGlobalSection
EndGlobal
